
Microsoft Visual Studio Solution File, Format Version 12.00
# Visual Studio Version 17
VisualStudioVersion = 17.3.32901.215
MinimumVisualStudioVersion = 10.0.40219.1
Project("{FAE04EC0-301F-11D3-BF4B-00C04F79EFBC}") = "Double Linked List Sample", "Double Linked List Sample\Double Linked List Sample.csproj", "{5B0AB65E-835C-4BA1-8D9C-5911F0E7CB3C}"
EndProject
Global
	GlobalSection(SolutionConfigurationPlatforms) = preSolution
		Debug|Any CPU = Debug|Any CPU
		Release|Any CPU = Release|Any CPU
	EndGlobalSection
	GlobalSection(ProjectConfigurationPlatforms) = postSolution
		{5B0AB65E-835C-4BA1-8D9C-5911F0E7CB3C}.Debug|Any CPU.ActiveCfg = Debug|Any CPU
		{5B0AB65E-835C-4BA1-8D9C-5911F0E7CB3C}.Debug|Any CPU.Build.0 = Debug|Any CPU
		{5B0AB65E-835C-4BA1-8D9C-5911F0E7CB3C}.Release|Any CPU.ActiveCfg = Release|Any CPU
		{5B0AB65E-835C-4BA1-8D9C-5911F0E7CB3C}.Release|Any CPU.Build.0 = Release|Any CPU
	EndGlobalSection
	GlobalSection(SolutionProperties) = preSolution
		HideSolutionNode = FALSE
	EndGlobalSection
	GlobalSection(ExtensibilityGlobals) = postSolution
		SolutionGuid = {0BE81B51-4530-4EFD-BF72-E137B45305F5}
	EndGlobalSection
EndGlobal
